name: update-flake-lock
on:
  workflow_dispatch: # allows manual triggering
  schedule:
    - cron: '* * * * *'

jobs:
  lockfile:
    runs-on: ubuntu-latest
    steps:
      - name: Checkout repository
        uses: actions/checkout@v4
      - name: Install Nix
        uses: DeterminateSystems/nix-installer-action@v1
      - name: Update flake.lock
        id: update
        uses: DeterminateSystems/update-flake-lock@v24
        with:
            pr-labels: automerge
            gpg-private-key: ${{ secrets.GPG_PRIVATE_KEY }}
      
